
Microsoft Visual Studio Solution File, Format Version 12.00
# Visual Studio Version 16
VisualStudioVersion = 16.0.30406.217
MinimumVisualStudioVersion = 10.0.40219.1
Project("{9A19103F-16F7-4668-BE54-9A1E7A4F7556}") = "MathForGames", "MathForGames\MathForGames.csproj", "{478CF6C1-B97A-49F7-95EB-BB6E33E0EFA7}"
EndProject
Project("{FAE04EC0-301F-11D3-BF4B-00C04F79EFBC}") = "MathRaylib", "MathRaylib\MathRaylib.csproj", "{234D38BF-EFBC-4566-ACD7-CC5978A0E5CD}"
EndProject
Global
	GlobalSection(SolutionConfigurationPlatforms) = preSolution
		Debug|Any CPU = Debug|Any CPU
		Release|Any CPU = Release|Any CPU
	EndGlobalSection
	GlobalSection(ProjectConfigurationPlatforms) = postSolution
		{478CF6C1-B97A-49F7-95EB-BB6E33E0EFA7}.Debug|Any CPU.ActiveCfg = Debug|Any CPU
		{478CF6C1-B97A-49F7-95EB-BB6E33E0EFA7}.Debug|Any CPU.Build.0 = Debug|Any CPU
		{478CF6C1-B97A-49F7-95EB-BB6E33E0EFA7}.Release|Any CPU.ActiveCfg = Release|Any CPU
		{478CF6C1-B97A-49F7-95EB-BB6E33E0EFA7}.Release|Any CPU.Build.0 = Release|Any CPU
		{234D38BF-EFBC-4566-ACD7-CC5978A0E5CD}.Debug|Any CPU.ActiveCfg = Debug|Any CPU
		{234D38BF-EFBC-4566-ACD7-CC5978A0E5CD}.Debug|Any CPU.Build.0 = Debug|Any CPU
		{234D38BF-EFBC-4566-ACD7-CC5978A0E5CD}.Release|Any CPU.ActiveCfg = Release|Any CPU
		{234D38BF-EFBC-4566-ACD7-CC5978A0E5CD}.Release|Any CPU.Build.0 = Release|Any CPU
	EndGlobalSection
	GlobalSection(SolutionProperties) = preSolution
		HideSolutionNode = FALSE
	EndGlobalSection
	GlobalSection(ExtensibilityGlobals) = postSolution
		SolutionGuid = {593BB8ED-3021-4BDA-AD9B-41E567B78CBE}
	EndGlobalSection
EndGlobal
