
Microsoft Visual Studio Solution File, Format Version 12.00
# Visual Studio Version 16
VisualStudioVersion = 16.0.30406.217
MinimumVisualStudioVersion = 10.0.40219.1
Project("{9A19103F-16F7-4668-BE54-9A1E7A4F7556}") = "MathForGames", "MathForGames\MathForGames.csproj", "{478CF6C1-B97A-49F7-95EB-BB6E33E0EFA7}"
EndProject
Project("{FAE04EC0-301F-11D3-BF4B-00C04F79EFBC}") = "UnitTestProject", "C# Unit Test - Student Copy\UnitTestProject\UnitTestProject.csproj", "{2731BE78-C467-4E92-9381-4F6B9EA68963}"
EndProject
Project("{FAE04EC0-301F-11D3-BF4B-00C04F79EFBC}") = "GraphicalProject", "GraphicalProject\GraphicalProject.csproj", "{119BA052-E618-48C9-9E88-BF673399AB8C}"
EndProject
Project("{FAE04EC0-301F-11D3-BF4B-00C04F79EFBC}") = "MathForGamesF", "MathForGamesF\MathForGamesF.csproj", "{3D3B6279-4A19-4853-BA3A-F42F88CDED84}"
EndProject
Global
	GlobalSection(SolutionConfigurationPlatforms) = preSolution
		Debug|Any CPU = Debug|Any CPU
		Release|Any CPU = Release|Any CPU
	EndGlobalSection
	GlobalSection(ProjectConfigurationPlatforms) = postSolution
		{478CF6C1-B97A-49F7-95EB-BB6E33E0EFA7}.Debug|Any CPU.ActiveCfg = Debug|Any CPU
		{478CF6C1-B97A-49F7-95EB-BB6E33E0EFA7}.Debug|Any CPU.Build.0 = Debug|Any CPU
		{478CF6C1-B97A-49F7-95EB-BB6E33E0EFA7}.Release|Any CPU.ActiveCfg = Release|Any CPU
		{478CF6C1-B97A-49F7-95EB-BB6E33E0EFA7}.Release|Any CPU.Build.0 = Release|Any CPU
		{2731BE78-C467-4E92-9381-4F6B9EA68963}.Debug|Any CPU.ActiveCfg = Debug|Any CPU
		{2731BE78-C467-4E92-9381-4F6B9EA68963}.Debug|Any CPU.Build.0 = Debug|Any CPU
		{2731BE78-C467-4E92-9381-4F6B9EA68963}.Release|Any CPU.ActiveCfg = Release|Any CPU
		{2731BE78-C467-4E92-9381-4F6B9EA68963}.Release|Any CPU.Build.0 = Release|Any CPU
		{119BA052-E618-48C9-9E88-BF673399AB8C}.Debug|Any CPU.ActiveCfg = Debug|Any CPU
		{119BA052-E618-48C9-9E88-BF673399AB8C}.Debug|Any CPU.Build.0 = Debug|Any CPU
		{119BA052-E618-48C9-9E88-BF673399AB8C}.Release|Any CPU.ActiveCfg = Release|Any CPU
		{119BA052-E618-48C9-9E88-BF673399AB8C}.Release|Any CPU.Build.0 = Release|Any CPU
		{3D3B6279-4A19-4853-BA3A-F42F88CDED84}.Debug|Any CPU.ActiveCfg = Debug|Any CPU
		{3D3B6279-4A19-4853-BA3A-F42F88CDED84}.Debug|Any CPU.Build.0 = Debug|Any CPU
		{3D3B6279-4A19-4853-BA3A-F42F88CDED84}.Release|Any CPU.ActiveCfg = Release|Any CPU
		{3D3B6279-4A19-4853-BA3A-F42F88CDED84}.Release|Any CPU.Build.0 = Release|Any CPU
	EndGlobalSection
	GlobalSection(SolutionProperties) = preSolution
		HideSolutionNode = FALSE
	EndGlobalSection
	GlobalSection(ExtensibilityGlobals) = postSolution
		SolutionGuid = {593BB8ED-3021-4BDA-AD9B-41E567B78CBE}
	EndGlobalSection
EndGlobal
